
Microsoft Visual Studio Solution File, Format Version 12.00
# Visual Studio Version 17
VisualStudioVersion = 17.1.32421.90
MinimumVisualStudioVersion = 10.0.40219.1
Project("{FAE04EC0-301F-11D3-BF4B-00C04F79EFBC}") = "MarsRover", "MarsRover\MarsRover.csproj", "{28FE2086-26B1-4292-80B7-E9A6F0F62667}"
EndProject
Project("{FAE04EC0-301F-11D3-BF4B-00C04F79EFBC}") = "MarsRover.Models", "MarsRover.Models\MarsRover.Models.csproj", "{0A883628-C5CF-464E-A7A5-9A33ECF0FD17}"
EndProject
Project("{FAE04EC0-301F-11D3-BF4B-00C04F79EFBC}") = "MarsRover.Tests", "MarsRover.Tests\MarsRover.Tests.csproj", "{2DF6C71B-FD3F-4218-AA19-DAD1C12022E9}"
EndProject
Global
	GlobalSection(SolutionConfigurationPlatforms) = preSolution
		Debug|Any CPU = Debug|Any CPU
		Release|Any CPU = Release|Any CPU
	EndGlobalSection
	GlobalSection(ProjectConfigurationPlatforms) = postSolution
		{28FE2086-26B1-4292-80B7-E9A6F0F62667}.Debug|Any CPU.ActiveCfg = Debug|Any CPU
		{28FE2086-26B1-4292-80B7-E9A6F0F62667}.Debug|Any CPU.Build.0 = Debug|Any CPU
		{28FE2086-26B1-4292-80B7-E9A6F0F62667}.Release|Any CPU.ActiveCfg = Release|Any CPU
		{28FE2086-26B1-4292-80B7-E9A6F0F62667}.Release|Any CPU.Build.0 = Release|Any CPU
		{0A883628-C5CF-464E-A7A5-9A33ECF0FD17}.Debug|Any CPU.ActiveCfg = Debug|Any CPU
		{0A883628-C5CF-464E-A7A5-9A33ECF0FD17}.Debug|Any CPU.Build.0 = Debug|Any CPU
		{0A883628-C5CF-464E-A7A5-9A33ECF0FD17}.Release|Any CPU.ActiveCfg = Release|Any CPU
		{0A883628-C5CF-464E-A7A5-9A33ECF0FD17}.Release|Any CPU.Build.0 = Release|Any CPU
		{2DF6C71B-FD3F-4218-AA19-DAD1C12022E9}.Debug|Any CPU.ActiveCfg = Debug|Any CPU
		{2DF6C71B-FD3F-4218-AA19-DAD1C12022E9}.Debug|Any CPU.Build.0 = Debug|Any CPU
		{2DF6C71B-FD3F-4218-AA19-DAD1C12022E9}.Release|Any CPU.ActiveCfg = Release|Any CPU
		{2DF6C71B-FD3F-4218-AA19-DAD1C12022E9}.Release|Any CPU.Build.0 = Release|Any CPU
	EndGlobalSection
	GlobalSection(SolutionProperties) = preSolution
		HideSolutionNode = FALSE
	EndGlobalSection
	GlobalSection(ExtensibilityGlobals) = postSolution
		SolutionGuid = {0034E7A0-D517-4B37-AF5D-731E65AC1DA4}
	EndGlobalSection
EndGlobal
